
Microsoft Visual Studio Solution File, Format Version 12.00
# Visual Studio Version 17
VisualStudioVersion = 17.11.35303.130
MinimumVisualStudioVersion = 10.0.40219.1
Project("{FAE04EC0-301F-11D3-BF4B-00C04F79EFBC}") = "Cadastro_De_Clientes_Estacionamento", "Cadastro_De_Clientes_Estacionamento.csproj", "{036DC68E-CE86-4D60-8C09-00F338B32774}"
EndProject
Global
	GlobalSection(SolutionConfigurationPlatforms) = preSolution
		Debug|Any CPU = Debug|Any CPU
		Release|Any CPU = Release|Any CPU
	EndGlobalSection
	GlobalSection(ProjectConfigurationPlatforms) = postSolution
		{036DC68E-CE86-4D60-8C09-00F338B32774}.Debug|Any CPU.ActiveCfg = Debug|Any CPU
		{036DC68E-CE86-4D60-8C09-00F338B32774}.Debug|Any CPU.Build.0 = Debug|Any CPU
		{036DC68E-CE86-4D60-8C09-00F338B32774}.Release|Any CPU.ActiveCfg = Release|Any CPU
		{036DC68E-CE86-4D60-8C09-00F338B32774}.Release|Any CPU.Build.0 = Release|Any CPU
	EndGlobalSection
	GlobalSection(SolutionProperties) = preSolution
		HideSolutionNode = FALSE
	EndGlobalSection
	GlobalSection(ExtensibilityGlobals) = postSolution
		SolutionGuid = {F661398D-7D8F-41AB-A61B-FBBE562E0329}
	EndGlobalSection
EndGlobal
